
Microsoft Visual Studio Solution File, Format Version 12.00
# Visual Studio Version 17
VisualStudioVersion = 17.13.35825.156 d17.13
MinimumVisualStudioVersion = 10.0.40219.1
Project("{FAE04EC0-301F-11D3-BF4B-00C04F79EFBC}") = "CarInsurance", "CarInsurance\CarInsurance.csproj", "{CEFBEBF4-DA32-4CCB-915E-F03E3B879449}"
EndProject
Global
	GlobalSection(SolutionConfigurationPlatforms) = preSolution
		Debug|Any CPU = Debug|Any CPU
		Release|Any CPU = Release|Any CPU
	EndGlobalSection
	GlobalSection(ProjectConfigurationPlatforms) = postSolution
		{CEFBEBF4-DA32-4CCB-915E-F03E3B879449}.Debug|Any CPU.ActiveCfg = Debug|Any CPU
		{CEFBEBF4-DA32-4CCB-915E-F03E3B879449}.Debug|Any CPU.Build.0 = Debug|Any CPU
		{CEFBEBF4-DA32-4CCB-915E-F03E3B879449}.Release|Any CPU.ActiveCfg = Release|Any CPU
		{CEFBEBF4-DA32-4CCB-915E-F03E3B879449}.Release|Any CPU.Build.0 = Release|Any CPU
	EndGlobalSection
	GlobalSection(SolutionProperties) = preSolution
		HideSolutionNode = FALSE
	EndGlobalSection
	GlobalSection(ExtensibilityGlobals) = postSolution
		SolutionGuid = {02FABC92-E824-4A7C-85F5-E2B881AAFA94}
	EndGlobalSection
EndGlobal
